
Microsoft Visual Studio Solution File, Format Version 12.00
# Visual Studio Version 16
VisualStudioVersion = 16.0.31729.503
MinimumVisualStudioVersion = 10.0.40219.1
Project("{FAE04EC0-301F-11D3-BF4B-00C04F79EFBC}") = "paint", "paint.csproj", "{6F01204E-1897-4209-8B68-03E1103873CA}"
EndProject
Global
	GlobalSection(SolutionConfigurationPlatforms) = preSolution
		Debug|Any CPU = Debug|Any CPU
		Release|Any CPU = Release|Any CPU
	EndGlobalSection
	GlobalSection(ProjectConfigurationPlatforms) = postSolution
		{6F01204E-1897-4209-8B68-03E1103873CA}.Debug|Any CPU.ActiveCfg = Debug|Any CPU
		{6F01204E-1897-4209-8B68-03E1103873CA}.Debug|Any CPU.Build.0 = Debug|Any CPU
		{6F01204E-1897-4209-8B68-03E1103873CA}.Release|Any CPU.ActiveCfg = Release|Any CPU
		{6F01204E-1897-4209-8B68-03E1103873CA}.Release|Any CPU.Build.0 = Release|Any CPU
	EndGlobalSection
	GlobalSection(SolutionProperties) = preSolution
		HideSolutionNode = FALSE
	EndGlobalSection
	GlobalSection(ExtensibilityGlobals) = postSolution
		SolutionGuid = {EFB3A03B-8732-4286-A25B-B6F9F5113039}
	EndGlobalSection
EndGlobal
